
Microsoft Visual Studio Solution File, Format Version 12.00
# Visual Studio Version 17
VisualStudioVersion = 17.11.35312.102
MinimumVisualStudioVersion = 10.0.40219.1
Project("{FAE04EC0-301F-11D3-BF4B-00C04F79EFBC}") = "AWS", "AWS.csproj", "{322F2FA2-6DCA-4A87-8ED3-55CDEB643405}"
EndProject
Global
	GlobalSection(SolutionConfigurationPlatforms) = preSolution
		Debug|Any CPU = Debug|Any CPU
		Release|Any CPU = Release|Any CPU
	EndGlobalSection
	GlobalSection(ProjectConfigurationPlatforms) = postSolution
		{322F2FA2-6DCA-4A87-8ED3-55CDEB643405}.Debug|Any CPU.ActiveCfg = Debug|Any CPU
		{322F2FA2-6DCA-4A87-8ED3-55CDEB643405}.Debug|Any CPU.Build.0 = Debug|Any CPU
		{322F2FA2-6DCA-4A87-8ED3-55CDEB643405}.Release|Any CPU.ActiveCfg = Release|Any CPU
		{322F2FA2-6DCA-4A87-8ED3-55CDEB643405}.Release|Any CPU.Build.0 = Release|Any CPU
	EndGlobalSection
	GlobalSection(SolutionProperties) = preSolution
		HideSolutionNode = FALSE
	EndGlobalSection
	GlobalSection(ExtensibilityGlobals) = postSolution
		SolutionGuid = {42EE4742-D93B-4B22-98B4-4E00866540FB}
	EndGlobalSection
EndGlobal
